
Microsoft Visual Studio Solution File, Format Version 12.00
# Visual Studio Version 17
VisualStudioVersion = 17.14.36109.1 d17.14
MinimumVisualStudioVersion = 10.0.40219.1
Project("{FAE04EC0-301F-11D3-BF4B-00C04F79EFBC}") = "Homework", "Homework\Homework.csproj", "{2262E886-C458-44FE-9F70-B46A2EF697A0}"
EndProject
Global
	GlobalSection(SolutionConfigurationPlatforms) = preSolution
		Debug|Any CPU = Debug|Any CPU
		Release|Any CPU = Release|Any CPU
	EndGlobalSection
	GlobalSection(ProjectConfigurationPlatforms) = postSolution
		{2262E886-C458-44FE-9F70-B46A2EF697A0}.Debug|Any CPU.ActiveCfg = Debug|Any CPU
		{2262E886-C458-44FE-9F70-B46A2EF697A0}.Debug|Any CPU.Build.0 = Debug|Any CPU
		{2262E886-C458-44FE-9F70-B46A2EF697A0}.Release|Any CPU.ActiveCfg = Release|Any CPU
		{2262E886-C458-44FE-9F70-B46A2EF697A0}.Release|Any CPU.Build.0 = Release|Any CPU
	EndGlobalSection
	GlobalSection(SolutionProperties) = preSolution
		HideSolutionNode = FALSE
	EndGlobalSection
	GlobalSection(ExtensibilityGlobals) = postSolution
		SolutionGuid = {60BD9840-20DD-43E7-A1FA-490506C38D5C}
	EndGlobalSection
EndGlobal
